<?xml version="1.0" encoding="UTF-8"?>
<Scheme
   LastUpgradeVersion = "1640"
   version = "1.7">
   <BuildAction
      parallelizeBuildables = "YES"
      buildImplicitDependencies = "YES">
      <BuildActionEntries>
         <BuildActionEntry
            buildForTesting = "YES"
            buildForRunning = "YES"
            buildForProfiling = "NO"
            buildForArchiving = "NO"
            buildForAnalyzing = "NO">
            <BuildableReference
               BuildableIdentifier = "primary"
               BlueprintIdentifier = "LEAN_HEALTH_TIMER_BP"
               BuildableName = "Lean Health Timer.app"
               BlueprintName = "Lean Health Timer"
               ReferencedContainer = "container:Meditationstimer.xcodeproj"/>
         </BuildActionEntry>
      </BuildActionEntries>
   </BuildAction>
   <TestAction
      selectedDebuggerIdentifier = "Xcode.DebuggerFoundation.Debugger.LLDB"
      selectedLauncherIdentifier = "Xcode.DebuggerFoundation.Launcher.LLDB"
      buildConfiguration = "Debug"
      selectedTests = "All">
   </TestAction>
   <LaunchAction
      buildConfiguration = "Debug"
      selectedDebuggerIdentifier = "Xcode.DebuggerFoundation.Debugger.LLDB"
      selectedLauncherIdentifier = "Xcode.DebuggerFoundation.Launcher.LLDB">
      <BuildableProductRunnable
         runnableDebuggable = "YES">
         <BuildableReference
            BuildableIdentifier = "primary"
            BlueprintIdentifier = "LEAN_HEALTH_TIMER_BP"
            BuildableName = "Lean Health Timer.app"
            BlueprintName = "Lean Health Timer"
            ReferencedContainer = "container:Meditationstimer.xcodeproj"/>
      </BuildableProductRunnable>
   </LaunchAction>
</Scheme>
