// !$*UTF8*$!
{
	archiveVersion = 1;
	classes = {
	};
	objectVersion = 77;
	objects = {

/* Begin PBXBuildFile section */
		B737BB592E656A63000AE8C4 /* Meditationstimer Watch App.app in Embed Watch Content */ = {isa = PBXBuildFile; fileRef = B737BB582E656A63000AE8C4 /* Meditationstimer Watch App.app */; settings = {ATTRIBUTES = (RemoveHeadersOnCopy, ); }; };
		B770C7A72E87BF37008FB9FC /* GongPlayer.swift in Sources */ = {isa = PBXBuildFile; fileRef = B770C7A62E87BF2F008FB9FC /* GongPlayer.swift */; };
		B770C7A82E87BF37008FB9FC /* GongPlayer.swift in Sources */ = {isa = PBXBuildFile; fileRef = B770C7A62E87BF2F008FB9FC /* GongPlayer.swift */; };
		B770C7B42E87C474008FB9FC /* MeditationEngine.swift in Sources */ = {isa = PBXBuildFile; fileRef = B770C7B32E87C473008FB9FC /* MeditationEngine.swift */; };
		B770C7B52E87C474008FB9FC /* MeditationEngine.swift in Sources */ = {isa = PBXBuildFile; fileRef = B770C7B32E87C473008FB9FC /* MeditationEngine.swift */; };
		B770C7B72E87C482008FB9FC /* BackgroundNotifier.swift in Sources */ = {isa = PBXBuildFile; fileRef = B770C7B62E87C481008FB9FC /* BackgroundNotifier.swift */; };
		B770C7B82E87C482008FB9FC /* BackgroundNotifier.swift in Sources */ = {isa = PBXBuildFile; fileRef = B770C7B62E87C481008FB9FC /* BackgroundNotifier.swift */; };
		B78712B72EB00C06002DA82E /* AmbientSoundPlayer.swift in Sources */ = {isa = PBXBuildFile; fileRef = B78712B62EB00C06002DA82E /* AmbientSoundPlayer.swift */; };
		B7A881752E658C96003FC2F0 /* RuntimeSessionHelper.swift in Sources */ = {isa = PBXBuildFile; fileRef = B7A881742E658C93003FC2F0 /* RuntimeSessionHelper.swift */; };
		B7A881772E658DA0003FC2F0 /* NotificationHelper.swift in Sources */ = {isa = PBXBuildFile; fileRef = B7A881762E658D9F003FC2F0 /* NotificationHelper.swift */; };
		B7A881792E658DDA003FC2F0 /* TwoPhaseTimerEngine.swift in Sources */ = {isa = PBXBuildFile; fileRef = B7A881782E658DD8003FC2F0 /* TwoPhaseTimerEngine.swift */; };
		B7BF2D1B2EB3D2FC009C1636 /* WidgetKit.framework in Frameworks */ = {isa = PBXBuildFile; fileRef = B7C556912E73E5EA00EFC1F5 /* WidgetKit.framework */; };
		B7BF2D1C2EB3D304009C1636 /* SwiftUI.framework in Frameworks */ = {isa = PBXBuildFile; fileRef = B7C556932E73E5EA00EFC1F5 /* SwiftUI.framework */; };
		B7BF30832EB3F06A009C1636 /* NoAlcManager.swift in Sources */ = {isa = PBXBuildFile; fileRef = B7BF30822EB3F06A009C1636 /* NoAlcManager.swift */; };
		B7C556792E660A7800EFC1F5 /* HealthKitManager.swift in Sources */ = {isa = PBXBuildFile; fileRef = B7E601122E6582C1008AE315 /* HealthKitManager.swift */; };
		B7C5567A2E660A8500EFC1F5 /* TwoPhaseTimerEngine.swift in Sources */ = {isa = PBXBuildFile; fileRef = B7A881782E658DD8003FC2F0 /* TwoPhaseTimerEngine.swift */; };
		B7C5567B2E660A9000EFC1F5 /* NotificationHelper.swift in Sources */ = {isa = PBXBuildFile; fileRef = B7A881762E658D9F003FC2F0 /* NotificationHelper.swift */; };
		B7C556842E66C66C00EFC1F5 /* HeartRateStream.swift in Sources */ = {isa = PBXBuildFile; fileRef = B7C556832E66C66A00EFC1F5 /* HeartRateStream.swift */; };
		B7C556852E66C66C00EFC1F5 /* HeartRateStream.swift in Sources */ = {isa = PBXBuildFile; fileRef = B7C556832E66C66A00EFC1F5 /* HeartRateStream.swift */; };
		B7C556A52E73E5EC00EFC1F5 /* MeditationstimerWidgetExtension.appex in Embed Foundation Extensions */ = {isa = PBXBuildFile; fileRef = B7C5568F2E73E5EA00EFC1F5 /* MeditationstimerWidgetExtension.appex */; settings = {ATTRIBUTES = (RemoveHeadersOnCopy, ); }; };
		B7E601132E6584F9008AE315 /* HealthKitManager.swift in Sources */ = {isa = PBXBuildFile; fileRef = B7E601122E6582C1008AE315 /* HealthKitManager.swift */; };
		B7F123462EF60002000AAA02 /* TrackerModels.swift in Sources */ = {isa = PBXBuildFile; fileRef = B7F123452EF60001000AAA01 /* TrackerModels.swift */; };
		B7F123482EF60004000AAA04 /* TrackerManager.swift in Sources */ = {isa = PBXBuildFile; fileRef = B7F123472EF60003000AAA03 /* TrackerManager.swift */; };
/* End PBXBuildFile section */

/* Begin PBXContainerItemProxy section */
		B737BB5A2E656A63000AE8C4 /* PBXContainerItemProxy */ = {
			isa = PBXContainerItemProxy;
			containerPortal = B737BB4C2E656A63000AE8C4 /* Project object */;
			proxyType = 1;
			remoteGlobalIDString = B737BB572E656A63000AE8C4;
			remoteInfo = "Meditationstimer Watch App";
		};
		B7BF2D052EB3D1B5009C1636 /* PBXContainerItemProxy */ = {
			isa = PBXContainerItemProxy;
			containerPortal = B737BB4C2E656A63000AE8C4 /* Project object */;
			proxyType = 1;
			remoteGlobalIDString = B7C5566C2E6609F400EFC1F5;
			remoteInfo = "Lean Health Timer";
		};
		B7C556A32E73E5EC00EFC1F5 /* PBXContainerItemProxy */ = {
			isa = PBXContainerItemProxy;
			containerPortal = B737BB4C2E656A63000AE8C4 /* Project object */;
			proxyType = 1;
			remoteGlobalIDString = B7C5568E2E73E5EA00EFC1F5;
			remoteInfo = MeditationstimerWidgetExtension;
		};
		B7UITEST012ED1000000001 /* PBXContainerItemProxy */ = {
			isa = PBXContainerItemProxy;
			containerPortal = B737BB4C2E656A63000AE8C4 /* Project object */;
			proxyType = 1;
			remoteGlobalIDString = B7C5566C2E6609F400EFC1F5;
			remoteInfo = "Lean Health Timer";
		};
/* End PBXContainerItemProxy section */

/* Begin PBXCopyFilesBuildPhase section */
		B737BB682E656A64000AE8C4 /* Embed Watch Content */ = {
			isa = PBXCopyFilesBuildPhase;
			buildActionMask = 2147483647;
			dstPath = "";
			dstSubfolderSpec = 1;
			files = (
				B737BB592E656A63000AE8C4 /* Meditationstimer Watch App.app in Embed Watch Content */,
			);
			name = "Embed Watch Content";
			runOnlyForDeploymentPostprocessing = 0;
		};
		B7C556AA2E73E5EC00EFC1F5 /* Embed Foundation Extensions */ = {
			isa = PBXCopyFilesBuildPhase;
			buildActionMask = 2147483647;
			dstPath = "";
			dstSubfolderSpec = 13;
			files = (
				B7C556A52E73E5EC00EFC1F5 /* MeditationstimerWidgetExtension.appex in Embed Foundation Extensions */,
			);
			name = "Embed Foundation Extensions";
			runOnlyForDeploymentPostprocessing = 0;
		};
/* End PBXCopyFilesBuildPhase section */

/* Begin PBXFileReference section */
		B737BB522E656A63000AE8C4 /* Meditationstimer.app */ = {isa = PBXFileReference; explicitFileType = wrapper.application; includeInIndex = 0; path = Meditationstimer.app; sourceTree = BUILT_PRODUCTS_DIR; };
		B737BB582E656A63000AE8C4 /* Meditationstimer Watch App.app */ = {isa = PBXFileReference; explicitFileType = wrapper.application; includeInIndex = 0; path = "Meditationstimer Watch App.app"; sourceTree = BUILT_PRODUCTS_DIR; };
		B74F4C752EF299430029338D /* Meditationstimer.xcodeproj */ = {isa = PBXFileReference; lastKnownFileType = "wrapper.pb-project"; path = Meditationstimer.xcodeproj; sourceTree = "<group>"; };
		B74F4FE92EF55BE90029338D /* Meditationstimer.xcodeproj */ = {isa = PBXFileReference; lastKnownFileType = "wrapper.pb-project"; path = Meditationstimer.xcodeproj; sourceTree = "<group>"; };
		B770C7A62E87BF2F008FB9FC /* GongPlayer.swift */ = {isa = PBXFileReference; lastKnownFileType = sourcecode.swift; path = GongPlayer.swift; sourceTree = "<group>"; };
		B770C7B32E87C473008FB9FC /* MeditationEngine.swift */ = {isa = PBXFileReference; lastKnownFileType = sourcecode.swift; path = MeditationEngine.swift; sourceTree = "<group>"; };
		B770C7B62E87C481008FB9FC /* BackgroundNotifier.swift */ = {isa = PBXFileReference; lastKnownFileType = sourcecode.swift; path = BackgroundNotifier.swift; sourceTree = "<group>"; };
		B78712B62EB00C06002DA82E /* AmbientSoundPlayer.swift */ = {isa = PBXFileReference; lastKnownFileType = sourcecode.swift; path = AmbientSoundPlayer.swift; sourceTree = "<group>"; };
		B7A881742E658C93003FC2F0 /* RuntimeSessionHelper.swift */ = {isa = PBXFileReference; lastKnownFileType = sourcecode.swift; path = RuntimeSessionHelper.swift; sourceTree = "<group>"; };
		B7A881762E658D9F003FC2F0 /* NotificationHelper.swift */ = {isa = PBXFileReference; lastKnownFileType = sourcecode.swift; path = NotificationHelper.swift; sourceTree = "<group>"; };
		B7A881782E658DD8003FC2F0 /* TwoPhaseTimerEngine.swift */ = {isa = PBXFileReference; lastKnownFileType = sourcecode.swift; path = TwoPhaseTimerEngine.swift; sourceTree = "<group>"; };
		B7AC811C2ED1960F00FC9888 /* Meditationstimer.xcodeproj */ = {isa = PBXFileReference; lastKnownFileType = "wrapper.pb-project"; path = Meditationstimer.xcodeproj; sourceTree = "<group>"; };
		B7AC82DD2ED49C3600FC9888 /* Meditationstimer.xcodeproj */ = {isa = PBXFileReference; lastKnownFileType = "wrapper.pb-project"; path = Meditationstimer.xcodeproj; sourceTree = "<group>"; };
		B7BF2D012EB3D1B5009C1636 /* LeanHealthTimerTests.xctest */ = {isa = PBXFileReference; explicitFileType = wrapper.cfbundle; includeInIndex = 0; path = LeanHealthTimerTests.xctest; sourceTree = BUILT_PRODUCTS_DIR; };
		B7BF30822EB3F06A009C1636 /* NoAlcManager.swift */ = {isa = PBXFileReference; lastKnownFileType = sourcecode.swift; path = NoAlcManager.swift; sourceTree = "<group>"; };
		B7C5566D2E6609F400EFC1F5 /* Lean Health Timer.app */ = {isa = PBXFileReference; explicitFileType = wrapper.application; includeInIndex = 0; path = "Lean Health Timer.app"; sourceTree = BUILT_PRODUCTS_DIR; };
		B7C556832E66C66A00EFC1F5 /* HeartRateStream.swift */ = {isa = PBXFileReference; lastKnownFileType = sourcecode.swift; path = HeartRateStream.swift; sourceTree = "<group>"; };
		B7C5568F2E73E5EA00EFC1F5 /* MeditationstimerWidgetExtension.appex */ = {isa = PBXFileReference; explicitFileType = "wrapper.app-extension"; includeInIndex = 0; path = MeditationstimerWidgetExtension.appex; sourceTree = BUILT_PRODUCTS_DIR; };
		B7C556912E73E5EA00EFC1F5 /* WidgetKit.framework */ = {isa = PBXFileReference; lastKnownFileType = wrapper.framework; name = WidgetKit.framework; path = System/Library/Frameworks/WidgetKit.framework; sourceTree = SDKROOT; };
		B7C556932E73E5EA00EFC1F5 /* SwiftUI.framework */ = {isa = PBXFileReference; lastKnownFileType = wrapper.framework; name = SwiftUI.framework; path = System/Library/Frameworks/SwiftUI.framework; sourceTree = SDKROOT; };
		B7E601122E6582C1008AE315 /* HealthKitManager.swift */ = {isa = PBXFileReference; lastKnownFileType = sourcecode.swift; path = HealthKitManager.swift; sourceTree = "<group>"; };
		B7EC6E192EC781CB00967561 /* Meditationstimer.xcodeproj */ = {isa = PBXFileReference; lastKnownFileType = "wrapper.pb-project"; path = Meditationstimer.xcodeproj; sourceTree = "<group>"; };
		B7F123452EF60001000AAA01 /* TrackerModels.swift */ = {isa = PBXFileReference; lastKnownFileType = sourcecode.swift; path = TrackerModels.swift; sourceTree = "<group>"; };
		B7F123472EF60003000AAA03 /* TrackerManager.swift */ = {isa = PBXFileReference; lastKnownFileType = sourcecode.swift; path = TrackerManager.swift; sourceTree = "<group>"; };
		B7UITEST012ED1000000002 /* LeanHealthTimerUITests.xctest */ = {isa = PBXFileReference; explicitFileType = wrapper.cfbundle; includeInIndex = 0; path = LeanHealthTimerUITests.xctest; sourceTree = BUILT_PRODUCTS_DIR; };
/* End PBXFileReference section */

/* Begin PBXFileSystemSynchronizedBuildFileExceptionSet section */
		B7AC15882E79CFFC00D0430A /* Exceptions for "Meditationstimer iOS" folder in "Meditationstimer Watch App" target */ = {
			isa = PBXFileSystemSynchronizedBuildFileExceptionSet;
			membershipExceptions = (
				auftakt.caf,
				Localizable.xcstrings,
			);
			target = B737BB572E656A63000AE8C4 /* Meditationstimer Watch App */;
		};
		B7C556A62E73E5EC00EFC1F5 /* Exceptions for "MeditationstimerWidget" folder in "MeditationstimerWidgetExtension" target */ = {
			isa = PBXFileSystemSynchronizedBuildFileExceptionSet;
			membershipExceptions = (
				Info.plist,
				MeditationActivityAttributes.swift,
			);
			target = B7C5568E2E73E5EA00EFC1F5 /* MeditationstimerWidgetExtension */;
		};
		B7C556B12E73E88D00EFC1F5 /* Exceptions for "Meditationstimer iOS" folder in "MeditationstimerWidgetExtension" target */ = {
			isa = PBXFileSystemSynchronizedBuildFileExceptionSet;
			membershipExceptions = (
				Localizable.xcstrings,
				MeditationActivityAttributes.swift,
			);
			target = B7C5568E2E73E5EA00EFC1F5 /* MeditationstimerWidgetExtension */;
		};
/* End PBXFileSystemSynchronizedBuildFileExceptionSet section */

/* Begin PBXFileSystemSynchronizedRootGroup section */
		B737BB5C2E656A63000AE8C4 /* Meditationstimer Watch App */ = {
			isa = PBXFileSystemSynchronizedRootGroup;
			path = "Meditationstimer Watch App";
			sourceTree = "<group>";
		};
		B7BF2D022EB3D1B5009C1636 /* LeanHealthTimerTests */ = {
			isa = PBXFileSystemSynchronizedRootGroup;
			path = LeanHealthTimerTests;
			sourceTree = "<group>";
		};
		B7BF2D122EB3D2CD009C1636 /* Tests */ = {
			isa = PBXFileSystemSynchronizedRootGroup;
			path = Tests;
			sourceTree = "<group>";
		};
		B7C5566E2E6609F400EFC1F5 /* Meditationstimer iOS */ = {
			isa = PBXFileSystemSynchronizedRootGroup;
			exceptions = (
				B7AC15882E79CFFC00D0430A /* Exceptions for "Meditationstimer iOS" folder in "Meditationstimer Watch App" target */,
				B7C556B12E73E88D00EFC1F5 /* Exceptions for "Meditationstimer iOS" folder in "MeditationstimerWidgetExtension" target */,
			);
			path = "Meditationstimer iOS";
			sourceTree = "<group>";
		};
		B7C556952E73E5EA00EFC1F5 /* MeditationstimerWidget */ = {
			isa = PBXFileSystemSynchronizedRootGroup;
			exceptions = (
				B7C556A62E73E5EC00EFC1F5 /* Exceptions for "MeditationstimerWidget" folder in "MeditationstimerWidgetExtension" target */,
			);
			path = MeditationstimerWidget;
			sourceTree = "<group>";
		};
		B7UITEST012ED1000000003 /* LeanHealthTimerUITests */ = {
			isa = PBXFileSystemSynchronizedRootGroup;
			path = LeanHealthTimerUITests;
			sourceTree = "<group>";
		};
/* End PBXFileSystemSynchronizedRootGroup section */

/* Begin PBXFrameworksBuildPhase section */
		B737BB552E656A63000AE8C4 /* Frameworks */ = {
			isa = PBXFrameworksBuildPhase;
			buildActionMask = 2147483647;
			files = (
			);
			runOnlyForDeploymentPostprocessing = 0;
		};
		B7BF2CFE2EB3D1B5009C1636 /* Frameworks */ = {
			isa = PBXFrameworksBuildPhase;
			buildActionMask = 2147483647;
			files = (
				B7BF2D1C2EB3D304009C1636 /* SwiftUI.framework in Frameworks */,
				B7BF2D1B2EB3D2FC009C1636 /* WidgetKit.framework in Frameworks */,
			);
			runOnlyForDeploymentPostprocessing = 0;
		};
		B7C5566A2E6609F400EFC1F5 /* Frameworks */ = {
			isa = PBXFrameworksBuildPhase;
			buildActionMask = 2147483647;
			files = (
			);
			runOnlyForDeploymentPostprocessing = 0;
		};
		B7C5568C2E73E5EA00EFC1F5 /* Frameworks */ = {
			isa = PBXFrameworksBuildPhase;
			buildActionMask = 2147483647;
			files = (
			);
			runOnlyForDeploymentPostprocessing = 0;
		};
		B7UITEST012ED1000000004 /* Frameworks */ = {
			isa = PBXFrameworksBuildPhase;
			buildActionMask = 2147483647;
			files = (
			);
			runOnlyForDeploymentPostprocessing = 0;
		};
/* End PBXFrameworksBuildPhase section */

/* Begin PBXGroup section */
		B737BB4B2E656A63000AE8C4 = {
			isa = PBXGroup;
			children = (
				B7E601112E6582A7008AE315 /* Services */,
				B737BB5C2E656A63000AE8C4 /* Meditationstimer Watch App */,
				B7C5566E2E6609F400EFC1F5 /* Meditationstimer iOS */,
				B7C556952E73E5EA00EFC1F5 /* MeditationstimerWidget */,
				B7BF2D022EB3D1B5009C1636 /* LeanHealthTimerTests */,
				B7UITEST012ED1000000003 /* LeanHealthTimerUITests */,
				B7C556902E73E5EA00EFC1F5 /* Frameworks */,
				B737BB532E656A63000AE8C4 /* Products */,
			);
			sourceTree = "<group>";
		};
		B737BB532E656A63000AE8C4 /* Products */ = {
			isa = PBXGroup;
			children = (
				B737BB522E656A63000AE8C4 /* Meditationstimer.app */,
				B737BB582E656A63000AE8C4 /* Meditationstimer Watch App.app */,
				B7C5566D2E6609F400EFC1F5 /* Lean Health Timer.app */,
				B7C5568F2E73E5EA00EFC1F5 /* MeditationstimerWidgetExtension.appex */,
				B7BF2D012EB3D1B5009C1636 /* LeanHealthTimerTests.xctest */,
				B7UITEST012ED1000000002 /* LeanHealthTimerUITests.xctest */,
			);
			name = Products;
			sourceTree = "<group>";
		};
		B74F4C802EF299430029338D /* Products */ = {
			isa = PBXGroup;
			name = Products;
			sourceTree = "<group>";
		};
		B74F4FF42EF55BE90029338D /* Products */ = {
			isa = PBXGroup;
			name = Products;
			sourceTree = "<group>";
		};
		B7AC813C2ED1960F00FC9888 /* Products */ = {
			isa = PBXGroup;
			name = Products;
			sourceTree = "<group>";
		};
		B7AC82E82ED49C3600FC9888 /* Products */ = {
			isa = PBXGroup;
			name = Products;
			sourceTree = "<group>";
		};
		B7C556902E73E5EA00EFC1F5 /* Frameworks */ = {
			isa = PBXGroup;
			children = (
				B7BF2D122EB3D2CD009C1636 /* Tests */,
				B7C556912E73E5EA00EFC1F5 /* WidgetKit.framework */,
				B7C556932E73E5EA00EFC1F5 /* SwiftUI.framework */,
			);
			name = Frameworks;
			sourceTree = "<group>";
		};
		B7E601112E6582A7008AE315 /* Services */ = {
			isa = PBXGroup;
			children = (
				B770C7B62E87C481008FB9FC /* BackgroundNotifier.swift */,
				B770C7B32E87C473008FB9FC /* MeditationEngine.swift */,
				B770C7A62E87BF2F008FB9FC /* GongPlayer.swift */,
				B7C556832E66C66A00EFC1F5 /* HeartRateStream.swift */,
				B7A881782E658DD8003FC2F0 /* TwoPhaseTimerEngine.swift */,
				B7A881762E658D9F003FC2F0 /* NotificationHelper.swift */,
				B7A881742E658C93003FC2F0 /* RuntimeSessionHelper.swift */,
				B7E601122E6582C1008AE315 /* HealthKitManager.swift */,
				B78712B62EB00C06002DA82E /* AmbientSoundPlayer.swift */,
				B7BF30822EB3F06A009C1636 /* NoAlcManager.swift */,
				B7F123452EF60001000AAA01 /* TrackerModels.swift */,
				B7F123472EF60003000AAA03 /* TrackerManager.swift */,
			);
			path = Services;
			sourceTree = "<group>";
		};
		B7EC6E1A2EC781CB00967561 /* Products */ = {
			isa = PBXGroup;
			name = Products;
			sourceTree = "<group>";
		};
/* End PBXGroup section */

/* Begin PBXNativeTarget section */
		B737BB512E656A63000AE8C4 /* Meditationstimer */ = {
			isa = PBXNativeTarget;
			buildConfigurationList = B737BB692E656A64000AE8C4 /* Build configuration list for PBXNativeTarget "Meditationstimer" */;
			buildPhases = (
				B737BB502E656A63000AE8C4 /* Resources */,
				B737BB682E656A64000AE8C4 /* Embed Watch Content */,
			);
			buildRules = (
			);
			dependencies = (
				B737BB5B2E656A63000AE8C4 /* PBXTargetDependency */,
			);
			name = Meditationstimer;
			packageProductDependencies = (
			);
			productName = Meditationstimer;
			productReference = B737BB522E656A63000AE8C4 /* Meditationstimer.app */;
			productType = "com.apple.product-type.application.watchapp2-container";
		};
		B737BB572E656A63000AE8C4 /* Meditationstimer Watch App */ = {
			isa = PBXNativeTarget;
			buildConfigurationList = B737BB652E656A64000AE8C4 /* Build configuration list for PBXNativeTarget "Meditationstimer Watch App" */;
			buildPhases = (
				B737BB542E656A63000AE8C4 /* Sources */,
				B737BB552E656A63000AE8C4 /* Frameworks */,
				B737BB562E656A63000AE8C4 /* Resources */,
			);
			buildRules = (
			);
			dependencies = (
			);
			fileSystemSynchronizedGroups = (
				B737BB5C2E656A63000AE8C4 /* Meditationstimer Watch App */,
			);
			name = "Meditationstimer Watch App";
			packageProductDependencies = (
			);
			productName = "Meditationstimer Watch App";
			productReference = B737BB582E656A63000AE8C4 /* Meditationstimer Watch App.app */;
			productType = "com.apple.product-type.application";
		};
		B7BF2D002EB3D1B5009C1636 /* LeanHealthTimerTests */ = {
			isa = PBXNativeTarget;
			buildConfigurationList = B7BF2D072EB3D1B5009C1636 /* Build configuration list for PBXNativeTarget "LeanHealthTimerTests" */;
			buildPhases = (
				B7BF2CFD2EB3D1B5009C1636 /* Sources */,
				B7BF2CFE2EB3D1B5009C1636 /* Frameworks */,
				B7BF2CFF2EB3D1B5009C1636 /* Resources */,
			);
			buildRules = (
			);
			dependencies = (
				B7BF2D062EB3D1B5009C1636 /* PBXTargetDependency */,
			);
			fileSystemSynchronizedGroups = (
				B7BF2D022EB3D1B5009C1636 /* LeanHealthTimerTests */,
			);
			name = LeanHealthTimerTests;
			packageProductDependencies = (
			);
			productName = LeanHealthTimerTests;
			productReference = B7BF2D012EB3D1B5009C1636 /* LeanHealthTimerTests.xctest */;
			productType = "com.apple.product-type.bundle.unit-test";
		};
		B7C5566C2E6609F400EFC1F5 /* Lean Health Timer */ = {
			isa = PBXNativeTarget;
			buildConfigurationList = B7C556772E6609F500EFC1F5 /* Build configuration list for PBXNativeTarget "Lean Health Timer" */;
			buildPhases = (
				B7C556692E6609F400EFC1F5 /* Sources */,
				B7C5566A2E6609F400EFC1F5 /* Frameworks */,
				B7C5566B2E6609F400EFC1F5 /* Resources */,
				B7C556AA2E73E5EC00EFC1F5 /* Embed Foundation Extensions */,
			);
			buildRules = (
			);
			dependencies = (
				B7C556A42E73E5EC00EFC1F5 /* PBXTargetDependency */,
			);
			fileSystemSynchronizedGroups = (
				B7C5566E2E6609F400EFC1F5 /* Meditationstimer iOS */,
			);
			name = "Lean Health Timer";
			packageProductDependencies = (
			);
			productName = "Lean Health Timer";
			productReference = B7C5566D2E6609F400EFC1F5 /* Lean Health Timer.app */;
			productType = "com.apple.product-type.application";
		};
		B7C5568E2E73E5EA00EFC1F5 /* MeditationstimerWidgetExtension */ = {
			isa = PBXNativeTarget;
			buildConfigurationList = B7C556A72E73E5EC00EFC1F5 /* Build configuration list for PBXNativeTarget "MeditationstimerWidgetExtension" */;
			buildPhases = (
				B7C5568B2E73E5EA00EFC1F5 /* Sources */,
				B7C5568C2E73E5EA00EFC1F5 /* Frameworks */,
				B7C5568D2E73E5EA00EFC1F5 /* Resources */,
			);
			buildRules = (
			);
			dependencies = (
			);
			fileSystemSynchronizedGroups = (
				B7C556952E73E5EA00EFC1F5 /* MeditationstimerWidget */,
			);
			name = MeditationstimerWidgetExtension;
			packageProductDependencies = (
			);
			productName = MeditationstimerWidgetExtension;
			productReference = B7C5568F2E73E5EA00EFC1F5 /* MeditationstimerWidgetExtension.appex */;
			productType = "com.apple.product-type.app-extension";
		};
		B7UITEST012ED1000000005 /* LeanHealthTimerUITests */ = {
			isa = PBXNativeTarget;
			buildConfigurationList = B7UITEST012ED1000000010 /* Build configuration list for PBXNativeTarget "LeanHealthTimerUITests" */;
			buildPhases = (
				B7UITEST012ED1000000006 /* Sources */,
				B7UITEST012ED1000000004 /* Frameworks */,
				B7UITEST012ED1000000007 /* Resources */,
			);
			buildRules = (
			);
			dependencies = (
				B7UITEST012ED1000000008 /* PBXTargetDependency */,
			);
			fileSystemSynchronizedGroups = (
				B7UITEST012ED1000000003 /* LeanHealthTimerUITests */,
			);
			name = LeanHealthTimerUITests;
			packageProductDependencies = (
			);
			productName = LeanHealthTimerUITests;
			productReference = B7UITEST012ED1000000002 /* LeanHealthTimerUITests.xctest */;
			productType = "com.apple.product-type.bundle.ui-testing";
		};
/* End PBXNativeTarget section */

/* Begin PBXProject section */
		B737BB4C2E656A63000AE8C4 /* Project object */ = {
			isa = PBXProject;
			attributes = {
				BuildIndependentTargetsInParallel = 1;
				LastSwiftUpdateCheck = 2600;
				LastUpgradeCheck = 1640;
				TargetAttributes = {
					B737BB512E656A63000AE8C4 = {
						CreatedOnToolsVersion = 16.4;
					};
					B737BB572E656A63000AE8C4 = {
						CreatedOnToolsVersion = 16.4;
					};
					B7BF2D002EB3D1B5009C1636 = {
						CreatedOnToolsVersion = 26.0.1;
						TestTargetID = B7C5566C2E6609F400EFC1F5;
					};
					B7C5566C2E6609F400EFC1F5 = {
						CreatedOnToolsVersion = 16.4;
					};
					B7C5568E2E73E5EA00EFC1F5 = {
						CreatedOnToolsVersion = 16.4;
					};
					B7UITEST012ED1000000005 = {
						CreatedOnToolsVersion = 26.0.1;
						TestTargetID = B7C5566C2E6609F400EFC1F5;
					};
				};
			};
			buildConfigurationList = B737BB4F2E656A63000AE8C4 /* Build configuration list for PBXProject "Meditationstimer" */;
			developmentRegion = en;
			hasScannedForEncodings = 0;
			knownRegions = (
				en,
				Base,
			);
			mainGroup = B737BB4B2E656A63000AE8C4;
			minimizedProjectReferenceProxies = 1;
			preferredProjectObjectVersion = 77;
			productRefGroup = B737BB532E656A63000AE8C4 /* Products */;
			projectDirPath = "";
			projectReferences = (
				{
					ProductGroup = B7AC813C2ED1960F00FC9888 /* Products */;
					ProjectRef = B7AC811C2ED1960F00FC9888 /* Meditationstimer.xcodeproj */;
				},
				{
					ProductGroup = B74F4C802EF299430029338D /* Products */;
					ProjectRef = B74F4C752EF299430029338D /* Meditationstimer.xcodeproj */;
				},
				{
					ProductGroup = B7AC82E82ED49C3600FC9888 /* Products */;
					ProjectRef = B7AC82DD2ED49C3600FC9888 /* Meditationstimer.xcodeproj */;
				},
				{
					ProductGroup = B7EC6E1A2EC781CB00967561 /* Products */;
					ProjectRef = B7EC6E192EC781CB00967561 /* Meditationstimer.xcodeproj */;
				},
				{
					ProductGroup = B74F4FF42EF55BE90029338D /* Products */;
					ProjectRef = B74F4FE92EF55BE90029338D /* Meditationstimer.xcodeproj */;
				},
			);
			projectRoot = "";
			targets = (
				B737BB512E656A63000AE8C4 /* Meditationstimer */,
				B737BB572E656A63000AE8C4 /* Meditationstimer Watch App */,
				B7C5566C2E6609F400EFC1F5 /* Lean Health Timer */,
				B7C5568E2E73E5EA00EFC1F5 /* MeditationstimerWidgetExtension */,
				B7BF2D002EB3D1B5009C1636 /* LeanHealthTimerTests */,
				B7UITEST012ED1000000005 /* LeanHealthTimerUITests */,
			);
		};
/* End PBXProject section */

/* Begin PBXResourcesBuildPhase section */
		B737BB502E656A63000AE8C4 /* Resources */ = {
			isa = PBXResourcesBuildPhase;
			buildActionMask = 2147483647;
			files = (
			);
			runOnlyForDeploymentPostprocessing = 0;
		};
		B737BB562E656A63000AE8C4 /* Resources */ = {
			isa = PBXResourcesBuildPhase;
			buildActionMask = 2147483647;
			files = (
			);
			runOnlyForDeploymentPostprocessing = 0;
		};
		B7BF2CFF2EB3D1B5009C1636 /* Resources */ = {
			isa = PBXResourcesBuildPhase;
			buildActionMask = 2147483647;
			files = (
			);
			runOnlyForDeploymentPostprocessing = 0;
		};
		B7C5566B2E6609F400EFC1F5 /* Resources */ = {
			isa = PBXResourcesBuildPhase;
			buildActionMask = 2147483647;
			files = (
			);
			runOnlyForDeploymentPostprocessing = 0;
		};
		B7C5568D2E73E5EA00EFC1F5 /* Resources */ = {
			isa = PBXResourcesBuildPhase;
			buildActionMask = 2147483647;
			files = (
			);
			runOnlyForDeploymentPostprocessing = 0;
		};
		B7UITEST012ED1000000007 /* Resources */ = {
			isa = PBXResourcesBuildPhase;
			buildActionMask = 2147483647;
			files = (
			);
			runOnlyForDeploymentPostprocessing = 0;
		};
/* End PBXResourcesBuildPhase section */

/* Begin PBXSourcesBuildPhase section */
		B737BB542E656A63000AE8C4 /* Sources */ = {
			isa = PBXSourcesBuildPhase;
			buildActionMask = 2147483647;
			files = (
				B770C7B52E87C474008FB9FC /* MeditationEngine.swift in Sources */,
				B7A881792E658DDA003FC2F0 /* TwoPhaseTimerEngine.swift in Sources */,
				B770C7A82E87BF37008FB9FC /* GongPlayer.swift in Sources */,
				B7C556852E66C66C00EFC1F5 /* HeartRateStream.swift in Sources */,
				B7E601132E6584F9008AE315 /* HealthKitManager.swift in Sources */,
				B770C7B72E87C482008FB9FC /* BackgroundNotifier.swift in Sources */,
				B7A881772E658DA0003FC2F0 /* NotificationHelper.swift in Sources */,
				B7A881752E658C96003FC2F0 /* RuntimeSessionHelper.swift in Sources */,
			);
			runOnlyForDeploymentPostprocessing = 0;
		};
		B7BF2CFD2EB3D1B5009C1636 /* Sources */ = {
			isa = PBXSourcesBuildPhase;
			buildActionMask = 2147483647;
			files = (
			);
			runOnlyForDeploymentPostprocessing = 0;
		};
		B7C556692E6609F400EFC1F5 /* Sources */ = {
			isa = PBXSourcesBuildPhase;
			buildActionMask = 2147483647;
			files = (
				B7F123462EF60002000AAA02 /* TrackerModels.swift in Sources */,
				B7F123482EF60004000AAA04 /* TrackerManager.swift in Sources */,
				B7BF30832EB3F06A009C1636 /* NoAlcManager.swift in Sources */,
				B7C556842E66C66C00EFC1F5 /* HeartRateStream.swift in Sources */,
				B7C5567B2E660A9000EFC1F5 /* NotificationHelper.swift in Sources */,
				B7C5567A2E660A8500EFC1F5 /* TwoPhaseTimerEngine.swift in Sources */,
				B770C7B42E87C474008FB9FC /* MeditationEngine.swift in Sources */,
				B770C7B82E87C482008FB9FC /* BackgroundNotifier.swift in Sources */,
				B78712B72EB00C06002DA82E /* AmbientSoundPlayer.swift in Sources */,
				B770C7A72E87BF37008FB9FC /* GongPlayer.swift in Sources */,
				B7C556792E660A7800EFC1F5 /* HealthKitManager.swift in Sources */,
			);
			runOnlyForDeploymentPostprocessing = 0;
		};
		B7C5568B2E73E5EA00EFC1F5 /* Sources */ = {
			isa = PBXSourcesBuildPhase;
			buildActionMask = 2147483647;
			files = (
			);
			runOnlyForDeploymentPostprocessing = 0;
		};
		B7UITEST012ED1000000006 /* Sources */ = {
			isa = PBXSourcesBuildPhase;
			buildActionMask = 2147483647;
			files = (
			);
			runOnlyForDeploymentPostprocessing = 0;
		};
/* End PBXSourcesBuildPhase section */

/* Begin PBXTargetDependency section */
		B737BB5B2E656A63000AE8C4 /* PBXTargetDependency */ = {
			isa = PBXTargetDependency;
			target = B737BB572E656A63000AE8C4 /* Meditationstimer Watch App */;
			targetProxy = B737BB5A2E656A63000AE8C4 /* PBXContainerItemProxy */;
		};
		B7BF2D062EB3D1B5009C1636 /* PBXTargetDependency */ = {
			isa = PBXTargetDependency;
			target = B7C5566C2E6609F400EFC1F5 /* Lean Health Timer */;
			targetProxy = B7BF2D052EB3D1B5009C1636 /* PBXContainerItemProxy */;
		};
		B7C556A42E73E5EC00EFC1F5 /* PBXTargetDependency */ = {
			isa = PBXTargetDependency;
			target = B7C5568E2E73E5EA00EFC1F5 /* MeditationstimerWidgetExtension */;
			targetProxy = B7C556A32E73E5EC00EFC1F5 /* PBXContainerItemProxy */;
		};
		B7UITEST012ED1000000008 /* PBXTargetDependency */ = {
			isa = PBXTargetDependency;
			target = B7C5566C2E6609F400EFC1F5 /* Lean Health Timer */;
			targetProxy = B7UITEST012ED1000000001 /* PBXContainerItemProxy */;
		};
/* End PBXTargetDependency section */

/* Begin XCBuildConfiguration section */
		B737BB632E656A64000AE8C4 /* Debug */ = {
			isa = XCBuildConfiguration;
			buildSettings = {
				ALWAYS_SEARCH_USER_PATHS = NO;
				ASSETCATALOG_COMPILER_GENERATE_SWIFT_ASSET_SYMBOL_EXTENSIONS = YES;
				CLANG_ANALYZER_NONNULL = YES;
				CLANG_ANALYZER_NUMBER_OBJECT_CONVERSION = YES_AGGRESSIVE;
				CLANG_CXX_LANGUAGE_STANDARD = "gnu++20";
				CLANG_ENABLE_MODULES = YES;
				CLANG_ENABLE_OBJC_ARC = YES;
				CLANG_ENABLE_OBJC_WEAK = YES;
				CLANG_WARN_BLOCK_CAPTURE_AUTORELEASING = YES;
				CLANG_WARN_BOOL_CONVERSION = YES;
				CLANG_WARN_COMMA = YES;
				CLANG_WARN_CONSTANT_CONVERSION = YES;
				CLANG_WARN_DEPRECATED_OBJC_IMPLEMENTATIONS = YES;
				CLANG_WARN_DIRECT_OBJC_ISA_USAGE = YES_ERROR;
				CLANG_WARN_DOCUMENTATION_COMMENTS = YES;
				CLANG_WARN_EMPTY_BODY = YES;
				CLANG_WARN_ENUM_CONVERSION = YES;
				CLANG_WARN_INFINITE_RECURSION = YES;
				CLANG_WARN_INT_CONVERSION = YES;
				CLANG_WARN_NON_LITERAL_NULL_CONVERSION = YES;
				CLANG_WARN_OBJC_IMPLICIT_RETAIN_SELF = YES;
				CLANG_WARN_OBJC_LITERAL_CONVERSION = YES;
				CLANG_WARN_OBJC_ROOT_CLASS = YES_ERROR;
				CLANG_WARN_QUOTED_INCLUDE_IN_FRAMEWORK_HEADER = YES;
				CLANG_WARN_RANGE_LOOP_ANALYSIS = YES;
				CLANG_WARN_STRICT_PROTOTYPES = YES;
				CLANG_WARN_SUSPICIOUS_MOVE = YES;
				CLANG_WARN_UNGUARDED_AVAILABILITY = YES_AGGRESSIVE;
				CLANG_WARN_UNREACHABLE_CODE = YES;
				CLANG_WARN__DUPLICATE_METHOD_MATCH = YES;
				COPY_PHASE_STRIP = NO;
				DEBUG_INFORMATION_FORMAT = dwarf;
				DEVELOPMENT_TEAM = XK87E2B3VR;
				ENABLE_STRICT_OBJC_MSGSEND = YES;
				ENABLE_TESTABILITY = YES;
				ENABLE_USER_SCRIPT_SANDBOXING = YES;
				GCC_C_LANGUAGE_STANDARD = gnu17;
				GCC_DYNAMIC_NO_PIC = NO;
				GCC_NO_COMMON_BLOCKS = YES;
				GCC_OPTIMIZATION_LEVEL = 0;
				GCC_PREPROCESSOR_DEFINITIONS = (
					"DEBUG=1",
					"$(inherited)",
				);
				GCC_WARN_64_TO_32_BIT_CONVERSION = YES;
				GCC_WARN_ABOUT_RETURN_TYPE = YES_ERROR;
				GCC_WARN_UNDECLARED_SELECTOR = YES;
				GCC_WARN_UNINITIALIZED_AUTOS = YES_AGGRESSIVE;
				GCC_WARN_UNUSED_FUNCTION = YES;
				GCC_WARN_UNUSED_VARIABLE = YES;
				LOCALIZATION_PREFERS_STRING_CATALOGS = YES;
				MTL_ENABLE_DEBUG_INFO = INCLUDE_SOURCE;
				MTL_FAST_MATH = YES;
				ONLY_ACTIVE_ARCH = YES;
				SWIFT_ACTIVE_COMPILATION_CONDITIONS = "DEBUG $(inherited)";
				SWIFT_OPTIMIZATION_LEVEL = "-Onone";
			};
			name = Debug;
		};
		B737BB642E656A64000AE8C4 /* Release */ = {
			isa = XCBuildConfiguration;
			buildSettings = {
				ALWAYS_SEARCH_USER_PATHS = NO;
				ASSETCATALOG_COMPILER_GENERATE_SWIFT_ASSET_SYMBOL_EXTENSIONS = YES;
				CLANG_ANALYZER_NONNULL = YES;
				CLANG_ANALYZER_NUMBER_OBJECT_CONVERSION = YES_AGGRESSIVE;
				CLANG_CXX_LANGUAGE_STANDARD = "gnu++20";
				CLANG_ENABLE_MODULES = YES;
				CLANG_ENABLE_OBJC_ARC = YES;
				CLANG_ENABLE_OBJC_WEAK = YES;
				CLANG_WARN_BLOCK_CAPTURE_AUTORELEASING = YES;
				CLANG_WARN_BOOL_CONVERSION = YES;
				CLANG_WARN_COMMA = YES;
				CLANG_WARN_CONSTANT_CONVERSION = YES;
				CLANG_WARN_DEPRECATED_OBJC_IMPLEMENTATIONS = YES;
				CLANG_WARN_DIRECT_OBJC_ISA_USAGE = YES_ERROR;
				CLANG_WARN_DOCUMENTATION_COMMENTS = YES;
				CLANG_WARN_EMPTY_BODY = YES;
				CLANG_WARN_ENUM_CONVERSION = YES;
				CLANG_WARN_INFINITE_RECURSION = YES;
				CLANG_WARN_INT_CONVERSION = YES;
				CLANG_WARN_NON_LITERAL_NULL_CONVERSION = YES;
				CLANG_WARN_OBJC_IMPLICIT_RETAIN_SELF = YES;
				CLANG_WARN_OBJC_LITERAL_CONVERSION = YES;
				CLANG_WARN_OBJC_ROOT_CLASS = YES_ERROR;
				CLANG_WARN_QUOTED_INCLUDE_IN_FRAMEWORK_HEADER = YES;
				CLANG_WARN_RANGE_LOOP_ANALYSIS = YES;
				CLANG_WARN_STRICT_PROTOTYPES = YES;
				CLANG_WARN_SUSPICIOUS_MOVE = YES;
				CLANG_WARN_UNGUARDED_AVAILABILITY = YES_AGGRESSIVE;
				CLANG_WARN_UNREACHABLE_CODE = YES;
				CLANG_WARN__DUPLICATE_METHOD_MATCH = YES;
				COPY_PHASE_STRIP = NO;
				DEBUG_INFORMATION_FORMAT = "dwarf-with-dsym";
				DEVELOPMENT_TEAM = XK87E2B3VR;
				ENABLE_NS_ASSERTIONS = NO;
				ENABLE_STRICT_OBJC_MSGSEND = YES;
				ENABLE_USER_SCRIPT_SANDBOXING = YES;
				GCC_C_LANGUAGE_STANDARD = gnu17;
				GCC_NO_COMMON_BLOCKS = YES;
				GCC_WARN_64_TO_32_BIT_CONVERSION = YES;
				GCC_WARN_ABOUT_RETURN_TYPE = YES_ERROR;
				GCC_WARN_UNDECLARED_SELECTOR = YES;
				GCC_WARN_UNINITIALIZED_AUTOS = YES_AGGRESSIVE;
				GCC_WARN_UNUSED_FUNCTION = YES;
				GCC_WARN_UNUSED_VARIABLE = YES;
				LOCALIZATION_PREFERS_STRING_CATALOGS = YES;
				MTL_ENABLE_DEBUG_INFO = NO;
				MTL_FAST_MATH = YES;
				SWIFT_COMPILATION_MODE = wholemodule;
			};
			name = Release;
		};
		B737BB662E656A64000AE8C4 /* Debug */ = {
			isa = XCBuildConfiguration;
			buildSettings = {
				ASSETCATALOG_COMPILER_APPICON_NAME = AppIcon;
				ASSETCATALOG_COMPILER_GLOBAL_ACCENT_COLOR_NAME = AccentColor;
				CODE_SIGN_ENTITLEMENTS = "Meditationstimer Watch App/Meditationstimer Watch App.entitlements";
				CODE_SIGN_STYLE = Automatic;
				CURRENT_PROJECT_VERSION = 1;
				DEVELOPMENT_TEAM = XK87E2B3VR;
				ENABLE_PREVIEWS = YES;
				GENERATE_INFOPLIST_FILE = YES;
				INFOPLIST_KEY_CFBundleDisplayName = "Lean Health Timer";
				INFOPLIST_KEY_NSHealthShareUsageDescription = "Die App liest Herzfrequenzdaten, um Statistiken zur Sitzung anzuzeigen";
				INFOPLIST_KEY_NSHealthUpdateUsageDescription = "Die App protokolliert Achtsamkeits-Sitzungen in Apple Health";
				INFOPLIST_KEY_UISupportedInterfaceOrientations = "UIInterfaceOrientationPortrait UIInterfaceOrientationPortraitUpsideDown";
				INFOPLIST_KEY_WKWatchOnly = YES;
				LD_RUNPATH_SEARCH_PATHS = (
					"$(inherited)",
					"@executable_path/Frameworks",
				);
				MARKETING_VERSION = 1.0;
				PRODUCT_BUNDLE_IDENTIFIER = henemm.Meditationstimer.watchapp.dev1;
				PRODUCT_NAME = "$(TARGET_NAME)";
				SDKROOT = watchos;
				SKIP_INSTALL = YES;
				SWIFT_EMIT_LOC_STRINGS = YES;
				SWIFT_VERSION = 5.0;
				TARGETED_DEVICE_FAMILY = 4;
				WATCHOS_DEPLOYMENT_TARGET = 11.0;
			};
			name = Debug;
		};
		B737BB672E656A64000AE8C4 /* Release */ = {
			isa = XCBuildConfiguration;
			buildSettings = {
				ASSETCATALOG_COMPILER_APPICON_NAME = AppIcon;
				ASSETCATALOG_COMPILER_GLOBAL_ACCENT_COLOR_NAME = AccentColor;
				CODE_SIGN_ENTITLEMENTS = "Meditationstimer Watch App/Meditationstimer Watch App.entitlements";
				CODE_SIGN_STYLE = Automatic;
				CURRENT_PROJECT_VERSION = 1;
				DEVELOPMENT_TEAM = XK87E2B3VR;
				ENABLE_PREVIEWS = YES;
				GENERATE_INFOPLIST_FILE = YES;
				INFOPLIST_KEY_CFBundleDisplayName = "Lean Health Timer";
				INFOPLIST_KEY_NSHealthShareUsageDescription = "Die App liest Herzfrequenzdaten, um Statistiken zur Sitzung anzuzeigen";
				INFOPLIST_KEY_NSHealthUpdateUsageDescription = "Die App protokolliert Achtsamkeits-Sitzungen in Apple Health";
				INFOPLIST_KEY_UISupportedInterfaceOrientations = "UIInterfaceOrientationPortrait UIInterfaceOrientationPortraitUpsideDown";
				INFOPLIST_KEY_WKWatchOnly = YES;
				LD_RUNPATH_SEARCH_PATHS = (
					"$(inherited)",
					"@executable_path/Frameworks",
				);
				MARKETING_VERSION = 1.0;
				PRODUCT_BUNDLE_IDENTIFIER = henemm.Meditationstimer.watchapp.dev1;
				PRODUCT_NAME = "$(TARGET_NAME)";
				SDKROOT = watchos;
				SKIP_INSTALL = YES;
				SWIFT_EMIT_LOC_STRINGS = YES;
				SWIFT_VERSION = 5.0;
				TARGETED_DEVICE_FAMILY = 4;
				VALIDATE_PRODUCT = YES;
				WATCHOS_DEPLOYMENT_TARGET = 11.0;
			};
			name = Release;
		};
		B737BB6A2E656A64000AE8C4 /* Debug */ = {
			isa = XCBuildConfiguration;
			buildSettings = {
				CODE_SIGN_IDENTITY = "Apple Development";
				CODE_SIGN_STYLE = Automatic;
				CURRENT_PROJECT_VERSION = 1;
				DEVELOPMENT_TEAM = XK87E2B3VR;
				INFOPLIST_KEY_CFBundleDisplayName = "Lean Health Timer";
				MARKETING_VERSION = 1.0;
				PRODUCT_BUNDLE_IDENTIFIER = henemm.Meditationstimer.dev2;
				PRODUCT_NAME = "$(TARGET_NAME)";
				PROVISIONING_PROFILE_SPECIFIER = "";
				SDKROOT = iphoneos;
				SWIFT_VERSION = 5.0;
			};
			name = Debug;
		};
		B737BB6B2E656A64000AE8C4 /* Release */ = {
			isa = XCBuildConfiguration;
			buildSettings = {
				CODE_SIGN_IDENTITY = "Apple Development";
				CODE_SIGN_STYLE = Automatic;
				CURRENT_PROJECT_VERSION = 1;
				DEVELOPMENT_TEAM = XK87E2B3VR;
				INFOPLIST_KEY_CFBundleDisplayName = "Lean Health Timer";
				MARKETING_VERSION = 1.0;
				PRODUCT_BUNDLE_IDENTIFIER = henemm.Meditationstimer.dev2;
				PRODUCT_NAME = "$(TARGET_NAME)";
				PROVISIONING_PROFILE_SPECIFIER = "";
				SDKROOT = iphoneos;
				SWIFT_VERSION = 5.0;
				VALIDATE_PRODUCT = YES;
			};
			name = Release;
		};
		B7BF2D082EB3D1B5009C1636 /* Debug */ = {
			isa = XCBuildConfiguration;
			buildSettings = {
				BUNDLE_LOADER = "$(TEST_HOST)";
				CODE_SIGN_STYLE = Automatic;
				CURRENT_PROJECT_VERSION = 1;
				DEVELOPMENT_TEAM = XK87E2B3VR;
				GENERATE_INFOPLIST_FILE = YES;
				IPHONEOS_DEPLOYMENT_TARGET = 18.5;
				MARKETING_VERSION = 1.0;
				PRODUCT_BUNDLE_IDENTIFIER = henemm.LeanHealthTimerTests;
				PRODUCT_NAME = "$(TARGET_NAME)";
				SDKROOT = iphoneos;
				STRING_CATALOG_GENERATE_SYMBOLS = NO;
				SWIFT_APPROACHABLE_CONCURRENCY = YES;
				SWIFT_EMIT_LOC_STRINGS = NO;
				SWIFT_UPCOMING_FEATURE_MEMBER_IMPORT_VISIBILITY = YES;
				SWIFT_VERSION = 5.0;
				TARGETED_DEVICE_FAMILY = "1,2";
				TEST_HOST = "$(BUILT_PRODUCTS_DIR)/Lean Health Timer.app/$(BUNDLE_EXECUTABLE_FOLDER_PATH)/Lean Health Timer";
			};
			name = Debug;
		};
		B7BF2D092EB3D1B5009C1636 /* Release */ = {
			isa = XCBuildConfiguration;
			buildSettings = {
				BUNDLE_LOADER = "$(TEST_HOST)";
				CODE_SIGN_STYLE = Automatic;
				CURRENT_PROJECT_VERSION = 1;
				DEVELOPMENT_TEAM = XK87E2B3VR;
				GENERATE_INFOPLIST_FILE = YES;
				IPHONEOS_DEPLOYMENT_TARGET = 18.5;
				MARKETING_VERSION = 1.0;
				PRODUCT_BUNDLE_IDENTIFIER = henemm.LeanHealthTimerTests;
				PRODUCT_NAME = "$(TARGET_NAME)";
				SDKROOT = iphoneos;
				STRING_CATALOG_GENERATE_SYMBOLS = NO;
				SWIFT_APPROACHABLE_CONCURRENCY = YES;
				SWIFT_EMIT_LOC_STRINGS = NO;
				SWIFT_UPCOMING_FEATURE_MEMBER_IMPORT_VISIBILITY = YES;
				SWIFT_VERSION = 5.0;
				TARGETED_DEVICE_FAMILY = "1,2";
				TEST_HOST = "$(BUILT_PRODUCTS_DIR)/Lean Health Timer.app/$(BUNDLE_EXECUTABLE_FOLDER_PATH)/Lean Health Timer";
				VALIDATE_PRODUCT = YES;
			};
			name = Release;
		};
		B7C556752E6609F500EFC1F5 /* Debug */ = {
			isa = XCBuildConfiguration;
			buildSettings = {
				ASSETCATALOG_COMPILER_APPICON_NAME = AppIcon;
				ASSETCATALOG_COMPILER_GLOBAL_ACCENT_COLOR_NAME = AccentColor;
				CODE_SIGN_ENTITLEMENTS = "Meditationstimer iOS/Meditationstimer iOS.entitlements";
				CODE_SIGN_STYLE = Automatic;
				CURRENT_PROJECT_VERSION = 1;
				DEVELOPMENT_TEAM = XK87E2B3VR;
				ENABLE_PREVIEWS = YES;
				GENERATE_INFOPLIST_FILE = YES;
				INFOPLIST_FILE = "Meditationstimer-iOS-Info.plist";
				INFOPLIST_KEY_CFBundleDisplayName = "Lean Health Timer";
				INFOPLIST_KEY_LSApplicationCategoryType = "public.app-category.healthcare-fitness";
				INFOPLIST_KEY_NSFocusStatusUsageDescription = "Diese App aktiviert automatisch Focus Modi während Meditation- oder Workout-Sessions, um ungestörte Sessions zu ermöglichen.";
				INFOPLIST_KEY_NSHealthShareUsageDescription = "Die App speichert Achtsamkeitssitzungen in Apple Health";
				INFOPLIST_KEY_NSHealthUpdateUsageDescription = "Die App schreibt Achtsamkeitssitzungen in Apple Health.";
				INFOPLIST_KEY_NSSupportsLiveActivities = YES;
				INFOPLIST_KEY_UIApplicationSceneManifest_Generation = YES;
				INFOPLIST_KEY_UIApplicationSupportsIndirectInputEvents = YES;
				INFOPLIST_KEY_UILaunchScreen_Generation = YES;
				INFOPLIST_KEY_UISupportedInterfaceOrientations_iPad = "UIInterfaceOrientationPortrait UIInterfaceOrientationPortraitUpsideDown UIInterfaceOrientationLandscapeLeft UIInterfaceOrientationLandscapeRight";
				INFOPLIST_KEY_UISupportedInterfaceOrientations_iPhone = UIInterfaceOrientationPortrait;
				IPHONEOS_DEPLOYMENT_TARGET = 18.5;
				LD_RUNPATH_SEARCH_PATHS = (
					"$(inherited)",
					"@executable_path/Frameworks",
				);
				MARKETING_VERSION = 2.8.2;
				PRODUCT_BUNDLE_IDENTIFIER = "henemm.Meditationstimer-iOS";
				PRODUCT_NAME = "$(TARGET_NAME)";
				SDKROOT = iphoneos;
				SWIFT_EMIT_LOC_STRINGS = YES;
				SWIFT_VERSION = 5.0;
				TARGETED_DEVICE_FAMILY = "1,2";
			};
			name = Debug;
		};
		B7C556762E6609F500EFC1F5 /* Release */ = {
			isa = XCBuildConfiguration;
			buildSettings = {
				ASSETCATALOG_COMPILER_APPICON_NAME = AppIcon;
				ASSETCATALOG_COMPILER_GLOBAL_ACCENT_COLOR_NAME = AccentColor;
				CODE_SIGN_ENTITLEMENTS = "Meditationstimer iOS/Meditationstimer iOS.entitlements";
				CODE_SIGN_STYLE = Automatic;
				CURRENT_PROJECT_VERSION = 1;
				DEVELOPMENT_TEAM = XK87E2B3VR;
				ENABLE_PREVIEWS = YES;
				GENERATE_INFOPLIST_FILE = YES;
				INFOPLIST_FILE = "Meditationstimer-iOS-Info.plist";
				INFOPLIST_KEY_CFBundleDisplayName = "Lean Health Timer";
				INFOPLIST_KEY_LSApplicationCategoryType = "public.app-category.healthcare-fitness";
				INFOPLIST_KEY_NSFocusStatusUsageDescription = "Diese App aktiviert automatisch Focus Modi während Meditation- oder Workout-Sessions, um ungestörte Sessions zu ermöglichen.";
				INFOPLIST_KEY_NSHealthShareUsageDescription = "Die App speichert Achtsamkeitssitzungen in Apple Health";
				INFOPLIST_KEY_NSHealthUpdateUsageDescription = "Die App schreibt Achtsamkeitssitzungen in Apple Health.";
				INFOPLIST_KEY_NSSupportsLiveActivities = YES;
				INFOPLIST_KEY_UIApplicationSceneManifest_Generation = YES;
				INFOPLIST_KEY_UIApplicationSupportsIndirectInputEvents = YES;
				INFOPLIST_KEY_UILaunchScreen_Generation = YES;
				INFOPLIST_KEY_UISupportedInterfaceOrientations_iPad = "UIInterfaceOrientationPortrait UIInterfaceOrientationPortraitUpsideDown UIInterfaceOrientationLandscapeLeft UIInterfaceOrientationLandscapeRight";
				INFOPLIST_KEY_UISupportedInterfaceOrientations_iPhone = UIInterfaceOrientationPortrait;
				IPHONEOS_DEPLOYMENT_TARGET = 18.5;
				LD_RUNPATH_SEARCH_PATHS = (
					"$(inherited)",
					"@executable_path/Frameworks",
				);
				MARKETING_VERSION = 2.8.2;
				PRODUCT_BUNDLE_IDENTIFIER = "henemm.Meditationstimer-iOS";
				PRODUCT_NAME = "$(TARGET_NAME)";
				SDKROOT = iphoneos;
				SWIFT_EMIT_LOC_STRINGS = YES;
				SWIFT_VERSION = 5.0;
				TARGETED_DEVICE_FAMILY = "1,2";
				VALIDATE_PRODUCT = YES;
			};
			name = Release;
		};
		B7C556A82E73E5EC00EFC1F5 /* Debug */ = {
			isa = XCBuildConfiguration;
			buildSettings = {
				ASSETCATALOG_COMPILER_GLOBAL_ACCENT_COLOR_NAME = AccentColor;
				ASSETCATALOG_COMPILER_WIDGET_BACKGROUND_COLOR_NAME = WidgetBackground;
				CODE_SIGN_STYLE = Automatic;
				CURRENT_PROJECT_VERSION = 1;
				DEVELOPMENT_TEAM = XK87E2B3VR;
				GENERATE_INFOPLIST_FILE = YES;
				INFOPLIST_FILE = MeditationstimerWidget/Info.plist;
				INFOPLIST_KEY_CFBundleDisplayName = "Lean Health Widget";
				INFOPLIST_KEY_NSHumanReadableCopyright = "";
				IPHONEOS_DEPLOYMENT_TARGET = 18.5;
				LD_RUNPATH_SEARCH_PATHS = (
					"$(inherited)",
					"@executable_path/Frameworks",
					"@executable_path/../../Frameworks",
				);
				MARKETING_VERSION = 2.8.2;
				PRODUCT_BUNDLE_IDENTIFIER = "henemm.Meditationstimer-iOS.MeditationstimerWidget";
				PRODUCT_NAME = "$(TARGET_NAME)";
				SDKROOT = iphoneos;
				SKIP_INSTALL = YES;
				SWIFT_EMIT_LOC_STRINGS = YES;
				SWIFT_VERSION = 5.0;
				TARGETED_DEVICE_FAMILY = "1,2";
			};
			name = Debug;
		};
		B7C556A92E73E5EC00EFC1F5 /* Release */ = {
			isa = XCBuildConfiguration;
			buildSettings = {
				ASSETCATALOG_COMPILER_GLOBAL_ACCENT_COLOR_NAME = AccentColor;
				ASSETCATALOG_COMPILER_WIDGET_BACKGROUND_COLOR_NAME = WidgetBackground;
				CODE_SIGN_STYLE = Automatic;
				CURRENT_PROJECT_VERSION = 1;
				DEVELOPMENT_TEAM = XK87E2B3VR;
				GENERATE_INFOPLIST_FILE = YES;
				INFOPLIST_FILE = MeditationstimerWidget/Info.plist;
				INFOPLIST_KEY_CFBundleDisplayName = "Lean Health Widget";
				INFOPLIST_KEY_NSHumanReadableCopyright = "";
				IPHONEOS_DEPLOYMENT_TARGET = 18.5;
				LD_RUNPATH_SEARCH_PATHS = (
					"$(inherited)",
					"@executable_path/Frameworks",
					"@executable_path/../../Frameworks",
				);
				MARKETING_VERSION = 2.8.2;
				PRODUCT_BUNDLE_IDENTIFIER = "henemm.Meditationstimer-iOS.MeditationstimerWidget";
				PRODUCT_NAME = "$(TARGET_NAME)";
				SDKROOT = iphoneos;
				SKIP_INSTALL = YES;
				SWIFT_EMIT_LOC_STRINGS = YES;
				SWIFT_VERSION = 5.0;
				TARGETED_DEVICE_FAMILY = "1,2";
				VALIDATE_PRODUCT = YES;
			};
			name = Release;
		};
		B7UITEST012ED1000000011 /* Debug */ = {
			isa = XCBuildConfiguration;
			buildSettings = {
				CODE_SIGN_STYLE = Automatic;
				CURRENT_PROJECT_VERSION = 1;
				DEVELOPMENT_TEAM = XK87E2B3VR;
				GENERATE_INFOPLIST_FILE = YES;
				IPHONEOS_DEPLOYMENT_TARGET = 18.5;
				MARKETING_VERSION = 1.0;
				PRODUCT_BUNDLE_IDENTIFIER = henemm.LeanHealthTimerUITests;
				PRODUCT_NAME = "$(TARGET_NAME)";
				SDKROOT = iphoneos;
				SWIFT_EMIT_LOC_STRINGS = NO;
				SWIFT_VERSION = 5.0;
				TARGETED_DEVICE_FAMILY = "1,2";
				TEST_TARGET_NAME = "Lean Health Timer";
			};
			name = Debug;
		};
		B7UITEST012ED1000000012 /* Release */ = {
			isa = XCBuildConfiguration;
			buildSettings = {
				CODE_SIGN_STYLE = Automatic;
				CURRENT_PROJECT_VERSION = 1;
				DEVELOPMENT_TEAM = XK87E2B3VR;
				GENERATE_INFOPLIST_FILE = YES;
				IPHONEOS_DEPLOYMENT_TARGET = 18.5;
				MARKETING_VERSION = 1.0;
				PRODUCT_BUNDLE_IDENTIFIER = henemm.LeanHealthTimerUITests;
				PRODUCT_NAME = "$(TARGET_NAME)";
				SDKROOT = iphoneos;
				SWIFT_EMIT_LOC_STRINGS = NO;
				SWIFT_VERSION = 5.0;
				TARGETED_DEVICE_FAMILY = "1,2";
				TEST_TARGET_NAME = "Lean Health Timer";
				VALIDATE_PRODUCT = YES;
			};
			name = Release;
		};
/* End XCBuildConfiguration section */

/* Begin XCConfigurationList section */
		B737BB4F2E656A63000AE8C4 /* Build configuration list for PBXProject "Meditationstimer" */ = {
			isa = XCConfigurationList;
			buildConfigurations = (
				B737BB632E656A64000AE8C4 /* Debug */,
				B737BB642E656A64000AE8C4 /* Release */,
			);
			defaultConfigurationIsVisible = 0;
			defaultConfigurationName = Release;
		};
		B737BB652E656A64000AE8C4 /* Build configuration list for PBXNativeTarget "Meditationstimer Watch App" */ = {
			isa = XCConfigurationList;
			buildConfigurations = (
				B737BB662E656A64000AE8C4 /* Debug */,
				B737BB672E656A64000AE8C4 /* Release */,
			);
			defaultConfigurationIsVisible = 0;
			defaultConfigurationName = Release;
		};
		B737BB692E656A64000AE8C4 /* Build configuration list for PBXNativeTarget "Meditationstimer" */ = {
			isa = XCConfigurationList;
			buildConfigurations = (
				B737BB6A2E656A64000AE8C4 /* Debug */,
				B737BB6B2E656A64000AE8C4 /* Release */,
			);
			defaultConfigurationIsVisible = 0;
			defaultConfigurationName = Release;
		};
		B7BF2D072EB3D1B5009C1636 /* Build configuration list for PBXNativeTarget "LeanHealthTimerTests" */ = {
			isa = XCConfigurationList;
			buildConfigurations = (
				B7BF2D082EB3D1B5009C1636 /* Debug */,
				B7BF2D092EB3D1B5009C1636 /* Release */,
			);
			defaultConfigurationIsVisible = 0;
			defaultConfigurationName = Release;
		};
		B7C556772E6609F500EFC1F5 /* Build configuration list for PBXNativeTarget "Lean Health Timer" */ = {
			isa = XCConfigurationList;
			buildConfigurations = (
				B7C556752E6609F500EFC1F5 /* Debug */,
				B7C556762E6609F500EFC1F5 /* Release */,
			);
			defaultConfigurationIsVisible = 0;
			defaultConfigurationName = Release;
		};
		B7C556A72E73E5EC00EFC1F5 /* Build configuration list for PBXNativeTarget "MeditationstimerWidgetExtension" */ = {
			isa = XCConfigurationList;
			buildConfigurations = (
				B7C556A82E73E5EC00EFC1F5 /* Debug */,
				B7C556A92E73E5EC00EFC1F5 /* Release */,
			);
			defaultConfigurationIsVisible = 0;
			defaultConfigurationName = Release;
		};
		B7UITEST012ED1000000010 /* Build configuration list for PBXNativeTarget "LeanHealthTimerUITests" */ = {
			isa = XCConfigurationList;
			buildConfigurations = (
				B7UITEST012ED1000000011 /* Debug */,
				B7UITEST012ED1000000012 /* Release */,
			);
			defaultConfigurationIsVisible = 0;
			defaultConfigurationName = Release;
		};
/* End XCConfigurationList section */
	};
	rootObject = B737BB4C2E656A63000AE8C4 /* Project object */;
}
